# generated by rye
# use `rye lock` or `rye sync` to update this lockfile
#
# last locked with the following flags:
#   pre: false
#   features: []
#   all-features: false
#   with-sources: false
#   generate-hashes: false
#   universal: false

-e file:.
grpcio==1.64.1
    # via grpcio-tools
    # via stub-grpc-py
grpcio-tools==1.64.1
    # via stub-grpc-py
protobuf==5.27.2
    # via grpcio-tools
setuptools==70.3.0
    # via grpcio-tools
